
Microsoft Visual Studio Solution File, Format Version 11.00
# Visual Studio 2010
Project("{FAE04EC0-301F-11D3-BF4B-00C04F79EFBC}") = "NHibernateSandbox", "NHibernateSandbox\NHibernateSandbox.csproj", "{C2DC499C-6E03-4CD4-9FD1-3DF2D6338625}"
EndProject
Global
	GlobalSection(SolutionConfigurationPlatforms) = preSolution
		Debug|Any CPU = Debug|Any CPU
		Release|Any CPU = Release|Any CPU
	EndGlobalSection
	GlobalSection(ProjectConfigurationPlatforms) = postSolution
		{C2DC499C-6E03-4CD4-9FD1-3DF2D6338625}.Debug|Any CPU.ActiveCfg = Debug|Any CPU
		{C2DC499C-6E03-4CD4-9FD1-3DF2D6338625}.Debug|Any CPU.Build.0 = Debug|Any CPU
		{C2DC499C-6E03-4CD4-9FD1-3DF2D6338625}.Release|Any CPU.ActiveCfg = Release|Any CPU
		{C2DC499C-6E03-4CD4-9FD1-3DF2D6338625}.Release|Any CPU.Build.0 = Release|Any CPU
	EndGlobalSection
	GlobalSection(SolutionProperties) = preSolution
		HideSolutionNode = FALSE
	EndGlobalSection
EndGlobal
